
Microsoft Visual Studio Solution File, Format Version 12.00
# Visual Studio Version 16
VisualStudioVersion = 16.0.29001.49
MinimumVisualStudioVersion = 10.0.40219.1
Project("{9A19103F-16F7-4668-BE54-9A1E7A4F7556}") = "CoreAPI", "CoreAPI\CoreAPI.csproj", "{95F10A2F-A862-4499-9DF5-D4763D64964B}"
EndProject
Project("{9A19103F-16F7-4668-BE54-9A1E7A4F7556}") = "CoreOperations", "CoreOperations\CoreOperations.csproj", "{44237364-713E-4A8D-AB16-47CF7100C624}"
EndProject
Global
	GlobalSection(SolutionConfigurationPlatforms) = preSolution
		Debug|Any CPU = Debug|Any CPU
		Release|Any CPU = Release|Any CPU
	EndGlobalSection
	GlobalSection(ProjectConfigurationPlatforms) = postSolution
		{95F10A2F-A862-4499-9DF5-D4763D64964B}.Debug|Any CPU.ActiveCfg = Debug|Any CPU
		{95F10A2F-A862-4499-9DF5-D4763D64964B}.Debug|Any CPU.Build.0 = Debug|Any CPU
		{95F10A2F-A862-4499-9DF5-D4763D64964B}.Release|Any CPU.ActiveCfg = Release|Any CPU
		{95F10A2F-A862-4499-9DF5-D4763D64964B}.Release|Any CPU.Build.0 = Release|Any CPU
		{44237364-713E-4A8D-AB16-47CF7100C624}.Debug|Any CPU.ActiveCfg = Debug|Any CPU
		{44237364-713E-4A8D-AB16-47CF7100C624}.Debug|Any CPU.Build.0 = Debug|Any CPU
		{44237364-713E-4A8D-AB16-47CF7100C624}.Release|Any CPU.ActiveCfg = Release|Any CPU
		{44237364-713E-4A8D-AB16-47CF7100C624}.Release|Any CPU.Build.0 = Release|Any CPU
	EndGlobalSection
	GlobalSection(SolutionProperties) = preSolution
		HideSolutionNode = FALSE
	EndGlobalSection
	GlobalSection(ExtensibilityGlobals) = postSolution
		SolutionGuid = {FF1AB121-5A5F-4380-903E-A3EEEC1635EA}
	EndGlobalSection
EndGlobal
